{
    "name": "view-koa",
    "version": "1.0.0",
    "lockfileVersion": 1,
    "dependencies": {
        "@types/geojson": {
            "version": "1.0.2",
            "resolved": "https://registry.npmjs.org/@types/geojson/-/geojson-1.0.2.tgz",
            "integrity": "sha1-sC0QqwKOKSisWSoFGqpJgaGUHQM="
        },
        "bignumber.js": {
            "version": "2.3.0",
            "resolved": "https://registry.npmjs.org/bignumber.js/-/bignumber.js-2.3.0.tgz",
            "integrity": "sha1-WXoC15Htw9ZPF4UOIXieekCV32Y="
        },
        "bluebird": {
            "version": "3.5.0",
            "resolved": "https://registry.npmjs.org/bluebird/-/bluebird-3.5.0.tgz",
            "integrity": "sha1-eRQg1/VR7qKJdFOop3ZT+WYG1nw="
        },
        "core-util-is": {
            "version": "1.0.2",
            "resolved": "https://registry.npmjs.org/core-util-is/-/core-util-is-1.0.2.tgz",
            "integrity": "sha1-tf1UIgqivFq1eqtxQMlAdUUDwac="
        },
        "debug": {
            "version": "2.6.8",
            "resolved": "https://registry.npmjs.org/debug/-/debug-2.6.8.tgz",
            "integrity": "sha1-5zFTHKLt4n0YgiJCfaF4IdaP9Pw="
        },
        "depd": {
            "version": "1.1.1",
            "resolved": "https://registry.npmjs.org/depd/-/depd-1.1.1.tgz",
            "integrity": "sha1-V4O04cRZ8G+lyif5kfPQbnoxA1k="
        },
        "dottie": {
            "version": "1.1.1",
            "resolved": "https://registry.npmjs.org/dottie/-/dottie-1.1.1.tgz",
            "integrity": "sha1-RcKj9IvWUo7u0memmoSOqspvqmo="
        },
        "generic-pool": {
            "version": "2.4.2",
            "resolved": "https://registry.npmjs.org/generic-pool/-/generic-pool-2.4.2.tgz",
            "integrity": "sha1-iGvFvwvrfblugby7oHiBjeWmJoM="
        },
        "inflection": {
            "version": "1.12.0",
            "resolved": "https://registry.npmjs.org/inflection/-/inflection-1.12.0.tgz",
            "integrity": "sha1-ogCTVlbW9fa8TcdQLhrstwMihBY="
        },
        "inherits": {
            "version": "2.0.3",
            "resolved": "https://registry.npmjs.org/inherits/-/inherits-2.0.3.tgz",
            "integrity": "sha1-Yzwsg+PaQqUC9SRmAiSA9CCCYd4="
        },
        "isarray": {
            "version": "0.0.1",
            "resolved": "https://registry.npmjs.org/isarray/-/isarray-0.0.1.tgz",
            "integrity": "sha1-ihis/Kmo9Bd+Cav8YDiTmwXR7t8="
        },
        "lodash": {
            "version": "4.12.0",
            "resolved": "https://registry.npmjs.org/lodash/-/lodash-4.12.0.tgz",
            "integrity": "sha1-K9bcRqBA9Z5obJcu0h2T3FkFMlg="
        },
        "moment": {
            "version": "2.18.1",
            "resolved": "https://registry.npmjs.org/moment/-/moment-2.18.1.tgz",
            "integrity": "sha1-w2GT3Tzhwu7SrbfIAtu8d6gbHA8="
        },
        "moment-timezone": {
            "version": "0.5.13",
            "resolved": "https://registry.npmjs.org/moment-timezone/-/moment-timezone-0.5.13.tgz",
            "integrity": "sha1-mc5cfYJyYusPH3AgRBd/YHRde5A="
        },
        "ms": {
            "version": "2.0.0",
            "resolved": "https://registry.npmjs.org/ms/-/ms-2.0.0.tgz",
            "integrity": "sha1-VgiurfwAvmwpAd9fmGF4jeDVl8g="
        },
        "mysql": {
            "version": "2.11.1",
            "resolved": "https://registry.npmjs.org/mysql/-/mysql-2.11.1.tgz",
            "integrity": "sha1-e9v9pHcUH9Fe7sK3EDIMDSDOfQg="
        },
        "node-uuid": {
            "version": "1.4.8",
            "resolved": "https://registry.npmjs.org/node-uuid/-/node-uuid-1.4.8.tgz",
            "integrity": "sha1-sEDrCSOWivq/jTL7HxfxFn/auQc="
        },
        "readable-stream": {
            "version": "1.1.14",
            "resolved": "https://registry.npmjs.org/readable-stream/-/readable-stream-1.1.14.tgz",
            "integrity": "sha1-fPTFTvZI44EwhMY23SB54WbAgdk="
        },
        "retry-as-promised": {
            "version": "2.3.0",
            "resolved": "https://registry.npmjs.org/retry-as-promised/-/retry-as-promised-2.3.0.tgz",
            "integrity": "sha1-J79czZmZMrMWZWloJc82MMJ8Vi0="
        },
        "semver": {
            "version": "5.4.1",
            "resolved": "https://registry.npmjs.org/semver/-/semver-5.4.1.tgz",
            "integrity": "sha512-WfG/X9+oATh81XtllIo/I8gOiY9EXRdv1cQdyykeXK17YcUW3EXUAi2To4pcH6nZtJPr7ZOpM5OMyWJZm+8Rsg=="
        },
        "sequelize": {
            "version": "3.24.1",
            "resolved": "https://registry.npmjs.org/sequelize/-/sequelize-3.24.1.tgz",
            "integrity": "sha1-2SkDvxukqwzROO2xWmxCB4/T22k="
        },
        "shimmer": {
            "version": "1.1.0",
            "resolved": "https://registry.npmjs.org/shimmer/-/shimmer-1.1.0.tgz",
            "integrity": "sha1-l9c3cTf/u6tCVSLkKf4KqJpIizU="
        },
        "sqlstring": {
            "version": "2.0.1",
            "resolved": "https://registry.npmjs.org/sqlstring/-/sqlstring-2.0.1.tgz",
            "integrity": "sha1-vNPDkxrxpat9VKVY6zVjyj03i5g="
        },
        "string_decoder": {
            "version": "0.10.31",
            "resolved": "https://registry.npmjs.org/string_decoder/-/string_decoder-0.10.31.tgz",
            "integrity": "sha1-YuIDvEF2bGwoyfyEMB2rHFMQ+pQ="
        },
        "terraformer": {
            "version": "1.0.8",
            "resolved": "https://registry.npmjs.org/terraformer/-/terraformer-1.0.8.tgz",
            "integrity": "sha1-UeCtiXRvzyFh3G9lqnDkI3fItZM="
        },
        "terraformer-wkt-parser": {
            "version": "1.1.2",
            "resolved": "https://registry.npmjs.org/terraformer-wkt-parser/-/terraformer-wkt-parser-1.1.2.tgz",
            "integrity": "sha1-M2oMj8gglKWv+DKI9prt7NNpvww="
        },
        "toposort-class": {
            "version": "1.0.1",
            "resolved": "https://registry.npmjs.org/toposort-class/-/toposort-class-1.0.1.tgz",
            "integrity": "sha1-f/0feMi+KMO6Rc1OGj9e4ZO9mYg="
        },
        "validator": {
            "version": "5.7.0",
            "resolved": "https://registry.npmjs.org/validator/-/validator-5.7.0.tgz",
            "integrity": "sha1-eoelgUa2laxIYHEUHAxJ1n2gXlw="
        },
        "wkx": {
            "version": "0.2.0",
            "resolved": "https://registry.npmjs.org/wkx/-/wkx-0.2.0.tgz",
            "integrity": "sha1-dsJPFqzQzY+TzTSqMx4PeWElboQ="
        }
    }
}
